
Microsoft Visual Studio Solution File, Format Version 12.00
# Visual Studio Version 16
VisualStudioVersion = 16.0.29806.167
MinimumVisualStudioVersion = 10.0.40219.1
Project("{FAE04EC0-301F-11D3-BF4B-00C04F79EFBC}") = "KnnProject", "KnnProject\KnnProject.csproj", "{277AD3D0-1210-4E4E-87CB-E4EFE6ED7B4A}"
EndProject
Project("{FAE04EC0-301F-11D3-BF4B-00C04F79EFBC}") = "Persistence.KnnProject", "Persistence.KnnProject\Persistence.KnnProject.csproj", "{7934B307-34B6-49BC-9CAA-604F837C80F2}"
EndProject
Project("{FAE04EC0-301F-11D3-BF4B-00C04F79EFBC}") = "Business.KnnProject", "Business.KnnProject\Business.KnnProject.csproj", "{2D961E61-DC4F-47EB-9ADA-BC327A4757CA}"
EndProject
Global
	GlobalSection(SolutionConfigurationPlatforms) = preSolution
		Debug|Any CPU = Debug|Any CPU
		Release|Any CPU = Release|Any CPU
	EndGlobalSection
	GlobalSection(ProjectConfigurationPlatforms) = postSolution
		{277AD3D0-1210-4E4E-87CB-E4EFE6ED7B4A}.Debug|Any CPU.ActiveCfg = Debug|Any CPU
		{277AD3D0-1210-4E4E-87CB-E4EFE6ED7B4A}.Debug|Any CPU.Build.0 = Debug|Any CPU
		{277AD3D0-1210-4E4E-87CB-E4EFE6ED7B4A}.Release|Any CPU.ActiveCfg = Release|Any CPU
		{277AD3D0-1210-4E4E-87CB-E4EFE6ED7B4A}.Release|Any CPU.Build.0 = Release|Any CPU
		{7934B307-34B6-49BC-9CAA-604F837C80F2}.Debug|Any CPU.ActiveCfg = Debug|Any CPU
		{7934B307-34B6-49BC-9CAA-604F837C80F2}.Debug|Any CPU.Build.0 = Debug|Any CPU
		{7934B307-34B6-49BC-9CAA-604F837C80F2}.Release|Any CPU.ActiveCfg = Release|Any CPU
		{7934B307-34B6-49BC-9CAA-604F837C80F2}.Release|Any CPU.Build.0 = Release|Any CPU
		{2D961E61-DC4F-47EB-9ADA-BC327A4757CA}.Debug|Any CPU.ActiveCfg = Debug|Any CPU
		{2D961E61-DC4F-47EB-9ADA-BC327A4757CA}.Debug|Any CPU.Build.0 = Debug|Any CPU
		{2D961E61-DC4F-47EB-9ADA-BC327A4757CA}.Release|Any CPU.ActiveCfg = Release|Any CPU
		{2D961E61-DC4F-47EB-9ADA-BC327A4757CA}.Release|Any CPU.Build.0 = Release|Any CPU
	EndGlobalSection
	GlobalSection(SolutionProperties) = preSolution
		HideSolutionNode = FALSE
	EndGlobalSection
	GlobalSection(ExtensibilityGlobals) = postSolution
		SolutionGuid = {C6EFED1D-B0AC-46EF-8800-F0EC1A470898}
	EndGlobalSection
EndGlobal
